
Microsoft Visual Studio Solution File, Format Version 12.00
# Visual Studio 2013
VisualStudioVersion = 12.0.21005.1
MinimumVisualStudioVersion = 10.0.40219.1
Project("{FAE04EC0-301F-11D3-BF4B-00C04F79EFBC}") = "ShipSim", "Dalek\ShipSim.csproj", "{5979E8F7-98D6-40EC-999F-6323DBBAF0F9}"
EndProject
Project("{FAE04EC0-301F-11D3-BF4B-00C04F79EFBC}") = "StarShips", "StarShips\StarShips.csproj", "{18C2C252-29A0-497C-AA1C-3E9BA95C9FCD}"
EndProject
Project("{FAE04EC0-301F-11D3-BF4B-00C04F79EFBC}") = "ShipEditor", "ShipEditor\ShipEditor.csproj", "{7EBE52A1-85CB-48BF-8E79-620DBD24E8AE}"
EndProject
Project("{FAE04EC0-301F-11D3-BF4B-00C04F79EFBC}") = "PartMaker", "PartMaker\PartMaker.csproj", "{F95BB8CD-EF7C-42A5-BEAE-A749634EAFB4}"
EndProject
Project("{FAE04EC0-301F-11D3-BF4B-00C04F79EFBC}") = "HullMaker", "HullMaker\HullMaker.csproj", "{A90B9C9F-C361-4526-A12B-7D68DE56FCAE}"
EndProject
Project("{2150E333-8FDC-42A3-9474-1A3956D46DE8}") = "Prototypes", "Prototypes", "{319F416B-7B50-43EA-AD84-4035C732F5E6}"
EndProject
Project("{FAE04EC0-301F-11D3-BF4B-00C04F79EFBC}") = "PathfindingTest", "PathfindingTest\PathfindingTest.csproj", "{EA176993-A93B-4951-80FB-6373B77D588E}"
EndProject
Project("{FAE04EC0-301F-11D3-BF4B-00C04F79EFBC}") = "WPFTestApp", "WPFTestApp\WPFTestApp.csproj", "{A1DF50B9-60B5-4203-ABCD-0A12C803EFE3}"
EndProject
Project("{FAE04EC0-301F-11D3-BF4B-00C04F79EFBC}") = "SpaceX", "WpfApplication1\WpfApplication1\SpaceX.csproj", "{2EA4242E-A24A-4A44-BCB7-F1818190B5EA}"
EndProject
Project("{2150E333-8FDC-42A3-9474-1A3956D46DE8}") = "Editors", "Editors", "{49239562-2537-4615-A848-04806C665864}"
EndProject
Project("{FAE04EC0-301F-11D3-BF4B-00C04F79EFBC}") = "BangAround", "BangAround\BangAround.csproj", "{6324673C-F19D-487D-8E9C-045366E9B32C}"
EndProject
Project("{FAE04EC0-301F-11D3-BF4B-00C04F79EFBC}") = "4XIM", "4XIM\4XIM.csproj", "{664499D1-6DD7-4971-9156-E689F1D5BA1C}"
EndProject
Project("{FAE04EC0-301F-11D3-BF4B-00C04F79EFBC}") = "SystemPathfindingTest", "SystemPathfindingTest\SystemPathfindingTest.csproj", "{843765B0-B16C-4B3F-A83A-349DE557111A}"
EndProject
Global
	GlobalSection(SolutionConfigurationPlatforms) = preSolution
		Debug|Any CPU = Debug|Any CPU
		Debug|Mixed Platforms = Debug|Mixed Platforms
		Debug|x86 = Debug|x86
		Release|Any CPU = Release|Any CPU
		Release|Mixed Platforms = Release|Mixed Platforms
		Release|x86 = Release|x86
	EndGlobalSection
	GlobalSection(ProjectConfigurationPlatforms) = postSolution
		{5979E8F7-98D6-40EC-999F-6323DBBAF0F9}.Debug|Any CPU.ActiveCfg = Debug|x86
		{5979E8F7-98D6-40EC-999F-6323DBBAF0F9}.Debug|Mixed Platforms.ActiveCfg = Debug|x86
		{5979E8F7-98D6-40EC-999F-6323DBBAF0F9}.Debug|Mixed Platforms.Build.0 = Debug|x86
		{5979E8F7-98D6-40EC-999F-6323DBBAF0F9}.Debug|x86.ActiveCfg = Debug|x86
		{5979E8F7-98D6-40EC-999F-6323DBBAF0F9}.Debug|x86.Build.0 = Debug|x86
		{5979E8F7-98D6-40EC-999F-6323DBBAF0F9}.Release|Any CPU.ActiveCfg = Release|x86
		{5979E8F7-98D6-40EC-999F-6323DBBAF0F9}.Release|Mixed Platforms.ActiveCfg = Release|x86
		{5979E8F7-98D6-40EC-999F-6323DBBAF0F9}.Release|Mixed Platforms.Build.0 = Release|x86
		{5979E8F7-98D6-40EC-999F-6323DBBAF0F9}.Release|x86.ActiveCfg = Release|x86
		{5979E8F7-98D6-40EC-999F-6323DBBAF0F9}.Release|x86.Build.0 = Release|x86
		{18C2C252-29A0-497C-AA1C-3E9BA95C9FCD}.Debug|Any CPU.ActiveCfg = Debug|Any CPU
		{18C2C252-29A0-497C-AA1C-3E9BA95C9FCD}.Debug|Any CPU.Build.0 = Debug|Any CPU
		{18C2C252-29A0-497C-AA1C-3E9BA95C9FCD}.Debug|Mixed Platforms.ActiveCfg = Debug|Any CPU
		{18C2C252-29A0-497C-AA1C-3E9BA95C9FCD}.Debug|Mixed Platforms.Build.0 = Debug|Any CPU
		{18C2C252-29A0-497C-AA1C-3E9BA95C9FCD}.Debug|x86.ActiveCfg = Debug|Any CPU
		{18C2C252-29A0-497C-AA1C-3E9BA95C9FCD}.Release|Any CPU.ActiveCfg = Release|Any CPU
		{18C2C252-29A0-497C-AA1C-3E9BA95C9FCD}.Release|Any CPU.Build.0 = Release|Any CPU
		{18C2C252-29A0-497C-AA1C-3E9BA95C9FCD}.Release|Mixed Platforms.ActiveCfg = Release|Any CPU
		{18C2C252-29A0-497C-AA1C-3E9BA95C9FCD}.Release|Mixed Platforms.Build.0 = Release|Any CPU
		{18C2C252-29A0-497C-AA1C-3E9BA95C9FCD}.Release|x86.ActiveCfg = Release|Any CPU
		{7EBE52A1-85CB-48BF-8E79-620DBD24E8AE}.Debug|Any CPU.ActiveCfg = Debug|x86
		{7EBE52A1-85CB-48BF-8E79-620DBD24E8AE}.Debug|Mixed Platforms.ActiveCfg = Debug|x86
		{7EBE52A1-85CB-48BF-8E79-620DBD24E8AE}.Debug|Mixed Platforms.Build.0 = Debug|x86
		{7EBE52A1-85CB-48BF-8E79-620DBD24E8AE}.Debug|x86.ActiveCfg = Debug|x86
		{7EBE52A1-85CB-48BF-8E79-620DBD24E8AE}.Debug|x86.Build.0 = Debug|x86
		{7EBE52A1-85CB-48BF-8E79-620DBD24E8AE}.Release|Any CPU.ActiveCfg = Release|x86
		{7EBE52A1-85CB-48BF-8E79-620DBD24E8AE}.Release|Mixed Platforms.ActiveCfg = Release|x86
		{7EBE52A1-85CB-48BF-8E79-620DBD24E8AE}.Release|Mixed Platforms.Build.0 = Release|x86
		{7EBE52A1-85CB-48BF-8E79-620DBD24E8AE}.Release|x86.ActiveCfg = Release|x86
		{7EBE52A1-85CB-48BF-8E79-620DBD24E8AE}.Release|x86.Build.0 = Release|x86
		{F95BB8CD-EF7C-42A5-BEAE-A749634EAFB4}.Debug|Any CPU.ActiveCfg = Debug|x86
		{F95BB8CD-EF7C-42A5-BEAE-A749634EAFB4}.Debug|Mixed Platforms.ActiveCfg = Debug|x86
		{F95BB8CD-EF7C-42A5-BEAE-A749634EAFB4}.Debug|Mixed Platforms.Build.0 = Debug|x86
		{F95BB8CD-EF7C-42A5-BEAE-A749634EAFB4}.Debug|x86.ActiveCfg = Debug|x86
		{F95BB8CD-EF7C-42A5-BEAE-A749634EAFB4}.Debug|x86.Build.0 = Debug|x86
		{F95BB8CD-EF7C-42A5-BEAE-A749634EAFB4}.Release|Any CPU.ActiveCfg = Release|x86
		{F95BB8CD-EF7C-42A5-BEAE-A749634EAFB4}.Release|Mixed Platforms.ActiveCfg = Release|x86
		{F95BB8CD-EF7C-42A5-BEAE-A749634EAFB4}.Release|Mixed Platforms.Build.0 = Release|x86
		{F95BB8CD-EF7C-42A5-BEAE-A749634EAFB4}.Release|x86.ActiveCfg = Release|x86
		{F95BB8CD-EF7C-42A5-BEAE-A749634EAFB4}.Release|x86.Build.0 = Release|x86
		{A90B9C9F-C361-4526-A12B-7D68DE56FCAE}.Debug|Any CPU.ActiveCfg = Debug|x86
		{A90B9C9F-C361-4526-A12B-7D68DE56FCAE}.Debug|Mixed Platforms.ActiveCfg = Debug|x86
		{A90B9C9F-C361-4526-A12B-7D68DE56FCAE}.Debug|Mixed Platforms.Build.0 = Debug|x86
		{A90B9C9F-C361-4526-A12B-7D68DE56FCAE}.Debug|x86.ActiveCfg = Debug|x86
		{A90B9C9F-C361-4526-A12B-7D68DE56FCAE}.Debug|x86.Build.0 = Debug|x86
		{A90B9C9F-C361-4526-A12B-7D68DE56FCAE}.Release|Any CPU.ActiveCfg = Release|x86
		{A90B9C9F-C361-4526-A12B-7D68DE56FCAE}.Release|Mixed Platforms.ActiveCfg = Release|x86
		{A90B9C9F-C361-4526-A12B-7D68DE56FCAE}.Release|Mixed Platforms.Build.0 = Release|x86
		{A90B9C9F-C361-4526-A12B-7D68DE56FCAE}.Release|x86.ActiveCfg = Release|x86
		{A90B9C9F-C361-4526-A12B-7D68DE56FCAE}.Release|x86.Build.0 = Release|x86
		{EA176993-A93B-4951-80FB-6373B77D588E}.Debug|Any CPU.ActiveCfg = Debug|x86
		{EA176993-A93B-4951-80FB-6373B77D588E}.Debug|Mixed Platforms.ActiveCfg = Debug|x86
		{EA176993-A93B-4951-80FB-6373B77D588E}.Debug|Mixed Platforms.Build.0 = Debug|x86
		{EA176993-A93B-4951-80FB-6373B77D588E}.Debug|x86.ActiveCfg = Debug|x86
		{EA176993-A93B-4951-80FB-6373B77D588E}.Debug|x86.Build.0 = Debug|x86
		{EA176993-A93B-4951-80FB-6373B77D588E}.Release|Any CPU.ActiveCfg = Release|x86
		{EA176993-A93B-4951-80FB-6373B77D588E}.Release|Mixed Platforms.ActiveCfg = Release|x86
		{EA176993-A93B-4951-80FB-6373B77D588E}.Release|Mixed Platforms.Build.0 = Release|x86
		{EA176993-A93B-4951-80FB-6373B77D588E}.Release|x86.ActiveCfg = Release|x86
		{EA176993-A93B-4951-80FB-6373B77D588E}.Release|x86.Build.0 = Release|x86
		{A1DF50B9-60B5-4203-ABCD-0A12C803EFE3}.Debug|Any CPU.ActiveCfg = Debug|x86
		{A1DF50B9-60B5-4203-ABCD-0A12C803EFE3}.Debug|Mixed Platforms.ActiveCfg = Debug|x86
		{A1DF50B9-60B5-4203-ABCD-0A12C803EFE3}.Debug|Mixed Platforms.Build.0 = Debug|x86
		{A1DF50B9-60B5-4203-ABCD-0A12C803EFE3}.Debug|x86.ActiveCfg = Debug|x86
		{A1DF50B9-60B5-4203-ABCD-0A12C803EFE3}.Debug|x86.Build.0 = Debug|x86
		{A1DF50B9-60B5-4203-ABCD-0A12C803EFE3}.Release|Any CPU.ActiveCfg = Release|x86
		{A1DF50B9-60B5-4203-ABCD-0A12C803EFE3}.Release|Mixed Platforms.ActiveCfg = Release|x86
		{A1DF50B9-60B5-4203-ABCD-0A12C803EFE3}.Release|Mixed Platforms.Build.0 = Release|x86
		{A1DF50B9-60B5-4203-ABCD-0A12C803EFE3}.Release|x86.ActiveCfg = Release|x86
		{A1DF50B9-60B5-4203-ABCD-0A12C803EFE3}.Release|x86.Build.0 = Release|x86
		{2EA4242E-A24A-4A44-BCB7-F1818190B5EA}.Debug|Any CPU.ActiveCfg = Debug|x86
		{2EA4242E-A24A-4A44-BCB7-F1818190B5EA}.Debug|Mixed Platforms.ActiveCfg = Debug|x86
		{2EA4242E-A24A-4A44-BCB7-F1818190B5EA}.Debug|Mixed Platforms.Build.0 = Debug|x86
		{2EA4242E-A24A-4A44-BCB7-F1818190B5EA}.Debug|x86.ActiveCfg = Debug|x86
		{2EA4242E-A24A-4A44-BCB7-F1818190B5EA}.Debug|x86.Build.0 = Debug|x86
		{2EA4242E-A24A-4A44-BCB7-F1818190B5EA}.Release|Any CPU.ActiveCfg = Release|x86
		{2EA4242E-A24A-4A44-BCB7-F1818190B5EA}.Release|Mixed Platforms.ActiveCfg = Release|x86
		{2EA4242E-A24A-4A44-BCB7-F1818190B5EA}.Release|Mixed Platforms.Build.0 = Release|x86
		{2EA4242E-A24A-4A44-BCB7-F1818190B5EA}.Release|x86.ActiveCfg = Release|x86
		{2EA4242E-A24A-4A44-BCB7-F1818190B5EA}.Release|x86.Build.0 = Release|x86
		{6324673C-F19D-487D-8E9C-045366E9B32C}.Debug|Any CPU.ActiveCfg = Debug|x86
		{6324673C-F19D-487D-8E9C-045366E9B32C}.Debug|Mixed Platforms.ActiveCfg = Debug|x86
		{6324673C-F19D-487D-8E9C-045366E9B32C}.Debug|Mixed Platforms.Build.0 = Debug|x86
		{6324673C-F19D-487D-8E9C-045366E9B32C}.Debug|x86.ActiveCfg = Debug|x86
		{6324673C-F19D-487D-8E9C-045366E9B32C}.Debug|x86.Build.0 = Debug|x86
		{6324673C-F19D-487D-8E9C-045366E9B32C}.Release|Any CPU.ActiveCfg = Release|x86
		{6324673C-F19D-487D-8E9C-045366E9B32C}.Release|Mixed Platforms.ActiveCfg = Release|x86
		{6324673C-F19D-487D-8E9C-045366E9B32C}.Release|Mixed Platforms.Build.0 = Release|x86
		{6324673C-F19D-487D-8E9C-045366E9B32C}.Release|x86.ActiveCfg = Release|x86
		{6324673C-F19D-487D-8E9C-045366E9B32C}.Release|x86.Build.0 = Release|x86
		{664499D1-6DD7-4971-9156-E689F1D5BA1C}.Debug|Any CPU.ActiveCfg = Debug|Any CPU
		{664499D1-6DD7-4971-9156-E689F1D5BA1C}.Debug|Any CPU.Build.0 = Debug|Any CPU
		{664499D1-6DD7-4971-9156-E689F1D5BA1C}.Debug|Mixed Platforms.ActiveCfg = Debug|Any CPU
		{664499D1-6DD7-4971-9156-E689F1D5BA1C}.Debug|Mixed Platforms.Build.0 = Debug|Any CPU
		{664499D1-6DD7-4971-9156-E689F1D5BA1C}.Debug|x86.ActiveCfg = Debug|Any CPU
		{664499D1-6DD7-4971-9156-E689F1D5BA1C}.Release|Any CPU.ActiveCfg = Release|Any CPU
		{664499D1-6DD7-4971-9156-E689F1D5BA1C}.Release|Any CPU.Build.0 = Release|Any CPU
		{664499D1-6DD7-4971-9156-E689F1D5BA1C}.Release|Mixed Platforms.ActiveCfg = Release|Any CPU
		{664499D1-6DD7-4971-9156-E689F1D5BA1C}.Release|Mixed Platforms.Build.0 = Release|Any CPU
		{664499D1-6DD7-4971-9156-E689F1D5BA1C}.Release|x86.ActiveCfg = Release|Any CPU
		{843765B0-B16C-4B3F-A83A-349DE557111A}.Debug|Any CPU.ActiveCfg = Debug|Any CPU
		{843765B0-B16C-4B3F-A83A-349DE557111A}.Debug|Any CPU.Build.0 = Debug|Any CPU
		{843765B0-B16C-4B3F-A83A-349DE557111A}.Debug|Mixed Platforms.ActiveCfg = Debug|Any CPU
		{843765B0-B16C-4B3F-A83A-349DE557111A}.Debug|Mixed Platforms.Build.0 = Debug|Any CPU
		{843765B0-B16C-4B3F-A83A-349DE557111A}.Debug|x86.ActiveCfg = Debug|Any CPU
		{843765B0-B16C-4B3F-A83A-349DE557111A}.Release|Any CPU.ActiveCfg = Release|Any CPU
		{843765B0-B16C-4B3F-A83A-349DE557111A}.Release|Any CPU.Build.0 = Release|Any CPU
		{843765B0-B16C-4B3F-A83A-349DE557111A}.Release|Mixed Platforms.ActiveCfg = Release|Any CPU
		{843765B0-B16C-4B3F-A83A-349DE557111A}.Release|Mixed Platforms.Build.0 = Release|Any CPU
		{843765B0-B16C-4B3F-A83A-349DE557111A}.Release|x86.ActiveCfg = Release|Any CPU
	EndGlobalSection
	GlobalSection(SolutionProperties) = preSolution
		HideSolutionNode = FALSE
	EndGlobalSection
	GlobalSection(NestedProjects) = preSolution
		{5979E8F7-98D6-40EC-999F-6323DBBAF0F9} = {319F416B-7B50-43EA-AD84-4035C732F5E6}
		{EA176993-A93B-4951-80FB-6373B77D588E} = {319F416B-7B50-43EA-AD84-4035C732F5E6}
		{A1DF50B9-60B5-4203-ABCD-0A12C803EFE3} = {319F416B-7B50-43EA-AD84-4035C732F5E6}
		{6324673C-F19D-487D-8E9C-045366E9B32C} = {319F416B-7B50-43EA-AD84-4035C732F5E6}
		{843765B0-B16C-4B3F-A83A-349DE557111A} = {319F416B-7B50-43EA-AD84-4035C732F5E6}
		{F95BB8CD-EF7C-42A5-BEAE-A749634EAFB4} = {49239562-2537-4615-A848-04806C665864}
		{A90B9C9F-C361-4526-A12B-7D68DE56FCAE} = {49239562-2537-4615-A848-04806C665864}
		{7EBE52A1-85CB-48BF-8E79-620DBD24E8AE} = {49239562-2537-4615-A848-04806C665864}
	EndGlobalSection
EndGlobal
