
Microsoft Visual Studio Solution File, Format Version 11.00
# Visual Studio 2010
Project("{FAE04EC0-301F-11D3-BF4B-00C04F79EFBC}") = "ShipSim", "Dalek\ShipSim.csproj", "{5979E8F7-98D6-40EC-999F-6323DBBAF0F9}"
EndProject
Project("{FAE04EC0-301F-11D3-BF4B-00C04F79EFBC}") = "StarShips", "StarShips\StarShips.csproj", "{18C2C252-29A0-497C-AA1C-3E9BA95C9FCD}"
EndProject
Project("{FAE04EC0-301F-11D3-BF4B-00C04F79EFBC}") = "ShipEditor", "ShipEditor\ShipEditor.csproj", "{7EBE52A1-85CB-48BF-8E79-620DBD24E8AE}"
EndProject
Project("{FAE04EC0-301F-11D3-BF4B-00C04F79EFBC}") = "PartMaker", "PartMaker\PartMaker.csproj", "{F95BB8CD-EF7C-42A5-BEAE-A749634EAFB4}"
EndProject
Project("{FAE04EC0-301F-11D3-BF4B-00C04F79EFBC}") = "PartXMLTest", "PartXMLTest\PartXMLTest.csproj", "{20D52362-BA79-4843-AD9A-D77C3BD446C3}"
EndProject
Project("{FAE04EC0-301F-11D3-BF4B-00C04F79EFBC}") = "HullMaker", "HullMaker\HullMaker.csproj", "{A90B9C9F-C361-4526-A12B-7D68DE56FCAE}"
EndProject
Global
	GlobalSection(SolutionConfigurationPlatforms) = preSolution
		Debug|Any CPU = Debug|Any CPU
		Debug|Mixed Platforms = Debug|Mixed Platforms
		Debug|x86 = Debug|x86
		Release|Any CPU = Release|Any CPU
		Release|Mixed Platforms = Release|Mixed Platforms
		Release|x86 = Release|x86
	EndGlobalSection
	GlobalSection(ProjectConfigurationPlatforms) = postSolution
		{5979E8F7-98D6-40EC-999F-6323DBBAF0F9}.Debug|Any CPU.ActiveCfg = Debug|x86
		{5979E8F7-98D6-40EC-999F-6323DBBAF0F9}.Debug|Mixed Platforms.ActiveCfg = Debug|x86
		{5979E8F7-98D6-40EC-999F-6323DBBAF0F9}.Debug|Mixed Platforms.Build.0 = Debug|x86
		{5979E8F7-98D6-40EC-999F-6323DBBAF0F9}.Debug|x86.ActiveCfg = Debug|x86
		{5979E8F7-98D6-40EC-999F-6323DBBAF0F9}.Debug|x86.Build.0 = Debug|x86
		{5979E8F7-98D6-40EC-999F-6323DBBAF0F9}.Release|Any CPU.ActiveCfg = Release|x86
		{5979E8F7-98D6-40EC-999F-6323DBBAF0F9}.Release|Mixed Platforms.ActiveCfg = Release|x86
		{5979E8F7-98D6-40EC-999F-6323DBBAF0F9}.Release|Mixed Platforms.Build.0 = Release|x86
		{5979E8F7-98D6-40EC-999F-6323DBBAF0F9}.Release|x86.ActiveCfg = Release|x86
		{5979E8F7-98D6-40EC-999F-6323DBBAF0F9}.Release|x86.Build.0 = Release|x86
		{18C2C252-29A0-497C-AA1C-3E9BA95C9FCD}.Debug|Any CPU.ActiveCfg = Debug|Any CPU
		{18C2C252-29A0-497C-AA1C-3E9BA95C9FCD}.Debug|Any CPU.Build.0 = Debug|Any CPU
		{18C2C252-29A0-497C-AA1C-3E9BA95C9FCD}.Debug|Mixed Platforms.ActiveCfg = Debug|Any CPU
		{18C2C252-29A0-497C-AA1C-3E9BA95C9FCD}.Debug|Mixed Platforms.Build.0 = Debug|Any CPU
		{18C2C252-29A0-497C-AA1C-3E9BA95C9FCD}.Debug|x86.ActiveCfg = Debug|Any CPU
		{18C2C252-29A0-497C-AA1C-3E9BA95C9FCD}.Release|Any CPU.ActiveCfg = Release|Any CPU
		{18C2C252-29A0-497C-AA1C-3E9BA95C9FCD}.Release|Any CPU.Build.0 = Release|Any CPU
		{18C2C252-29A0-497C-AA1C-3E9BA95C9FCD}.Release|Mixed Platforms.ActiveCfg = Release|Any CPU
		{18C2C252-29A0-497C-AA1C-3E9BA95C9FCD}.Release|Mixed Platforms.Build.0 = Release|Any CPU
		{18C2C252-29A0-497C-AA1C-3E9BA95C9FCD}.Release|x86.ActiveCfg = Release|Any CPU
		{7EBE52A1-85CB-48BF-8E79-620DBD24E8AE}.Debug|Any CPU.ActiveCfg = Debug|x86
		{7EBE52A1-85CB-48BF-8E79-620DBD24E8AE}.Debug|Mixed Platforms.ActiveCfg = Debug|x86
		{7EBE52A1-85CB-48BF-8E79-620DBD24E8AE}.Debug|Mixed Platforms.Build.0 = Debug|x86
		{7EBE52A1-85CB-48BF-8E79-620DBD24E8AE}.Debug|x86.ActiveCfg = Debug|x86
		{7EBE52A1-85CB-48BF-8E79-620DBD24E8AE}.Debug|x86.Build.0 = Debug|x86
		{7EBE52A1-85CB-48BF-8E79-620DBD24E8AE}.Release|Any CPU.ActiveCfg = Release|x86
		{7EBE52A1-85CB-48BF-8E79-620DBD24E8AE}.Release|Mixed Platforms.ActiveCfg = Release|x86
		{7EBE52A1-85CB-48BF-8E79-620DBD24E8AE}.Release|Mixed Platforms.Build.0 = Release|x86
		{7EBE52A1-85CB-48BF-8E79-620DBD24E8AE}.Release|x86.ActiveCfg = Release|x86
		{7EBE52A1-85CB-48BF-8E79-620DBD24E8AE}.Release|x86.Build.0 = Release|x86
		{F95BB8CD-EF7C-42A5-BEAE-A749634EAFB4}.Debug|Any CPU.ActiveCfg = Debug|x86
		{F95BB8CD-EF7C-42A5-BEAE-A749634EAFB4}.Debug|Mixed Platforms.ActiveCfg = Debug|x86
		{F95BB8CD-EF7C-42A5-BEAE-A749634EAFB4}.Debug|Mixed Platforms.Build.0 = Debug|x86
		{F95BB8CD-EF7C-42A5-BEAE-A749634EAFB4}.Debug|x86.ActiveCfg = Debug|x86
		{F95BB8CD-EF7C-42A5-BEAE-A749634EAFB4}.Debug|x86.Build.0 = Debug|x86
		{F95BB8CD-EF7C-42A5-BEAE-A749634EAFB4}.Release|Any CPU.ActiveCfg = Release|x86
		{F95BB8CD-EF7C-42A5-BEAE-A749634EAFB4}.Release|Mixed Platforms.ActiveCfg = Release|x86
		{F95BB8CD-EF7C-42A5-BEAE-A749634EAFB4}.Release|Mixed Platforms.Build.0 = Release|x86
		{F95BB8CD-EF7C-42A5-BEAE-A749634EAFB4}.Release|x86.ActiveCfg = Release|x86
		{F95BB8CD-EF7C-42A5-BEAE-A749634EAFB4}.Release|x86.Build.0 = Release|x86
		{20D52362-BA79-4843-AD9A-D77C3BD446C3}.Debug|Any CPU.ActiveCfg = Debug|x86
		{20D52362-BA79-4843-AD9A-D77C3BD446C3}.Debug|Mixed Platforms.ActiveCfg = Debug|x86
		{20D52362-BA79-4843-AD9A-D77C3BD446C3}.Debug|Mixed Platforms.Build.0 = Debug|x86
		{20D52362-BA79-4843-AD9A-D77C3BD446C3}.Debug|x86.ActiveCfg = Debug|x86
		{20D52362-BA79-4843-AD9A-D77C3BD446C3}.Debug|x86.Build.0 = Debug|x86
		{20D52362-BA79-4843-AD9A-D77C3BD446C3}.Release|Any CPU.ActiveCfg = Release|x86
		{20D52362-BA79-4843-AD9A-D77C3BD446C3}.Release|Mixed Platforms.ActiveCfg = Release|x86
		{20D52362-BA79-4843-AD9A-D77C3BD446C3}.Release|Mixed Platforms.Build.0 = Release|x86
		{20D52362-BA79-4843-AD9A-D77C3BD446C3}.Release|x86.ActiveCfg = Release|x86
		{20D52362-BA79-4843-AD9A-D77C3BD446C3}.Release|x86.Build.0 = Release|x86
		{A90B9C9F-C361-4526-A12B-7D68DE56FCAE}.Debug|Any CPU.ActiveCfg = Debug|x86
		{A90B9C9F-C361-4526-A12B-7D68DE56FCAE}.Debug|Mixed Platforms.ActiveCfg = Debug|x86
		{A90B9C9F-C361-4526-A12B-7D68DE56FCAE}.Debug|Mixed Platforms.Build.0 = Debug|x86
		{A90B9C9F-C361-4526-A12B-7D68DE56FCAE}.Debug|x86.ActiveCfg = Debug|x86
		{A90B9C9F-C361-4526-A12B-7D68DE56FCAE}.Debug|x86.Build.0 = Debug|x86
		{A90B9C9F-C361-4526-A12B-7D68DE56FCAE}.Release|Any CPU.ActiveCfg = Release|x86
		{A90B9C9F-C361-4526-A12B-7D68DE56FCAE}.Release|Mixed Platforms.ActiveCfg = Release|x86
		{A90B9C9F-C361-4526-A12B-7D68DE56FCAE}.Release|Mixed Platforms.Build.0 = Release|x86
		{A90B9C9F-C361-4526-A12B-7D68DE56FCAE}.Release|x86.ActiveCfg = Release|x86
		{A90B9C9F-C361-4526-A12B-7D68DE56FCAE}.Release|x86.Build.0 = Release|x86
	EndGlobalSection
	GlobalSection(SolutionProperties) = preSolution
		HideSolutionNode = FALSE
	EndGlobalSection
EndGlobal
